// !$*UTF8*$!
{
	archiveVersion = 1;
	classes = {
	};
	objectVersion = 46;
	objects = {

/* Begin PBXBuildFile section */
		2719E9A81E98E2FB00B1AAC3 /* MonAn+CoreDataClass.swift in Sources */ = {isa = PBXBuildFile; fileRef = 2719E9A61E98E2FB00B1AAC3 /* MonAn+CoreDataClass.swift */; };
		2719E9A91E98E2FB00B1AAC3 /* MonAn+CoreDataProperties.swift in Sources */ = {isa = PBXBuildFile; fileRef = 2719E9A71E98E2FB00B1AAC3 /* MonAn+CoreDataProperties.swift */; };
		2719E9B41E98E35100B1AAC3 /* HinhAnh+CoreDataClass.swift in Sources */ = {isa = PBXBuildFile; fileRef = 2719E9B21E98E35100B1AAC3 /* HinhAnh+CoreDataClass.swift */; };
		2719E9B51E98E35100B1AAC3 /* HinhAnh+CoreDataProperties.swift in Sources */ = {isa = PBXBuildFile; fileRef = 2719E9B31E98E35100B1AAC3 /* HinhAnh+CoreDataProperties.swift */; };
		2719E9B81E98E36700B1AAC3 /* TienTe+CoreDataClass.swift in Sources */ = {isa = PBXBuildFile; fileRef = 2719E9B61E98E36700B1AAC3 /* TienTe+CoreDataClass.swift */; };
		2719E9B91E98E36700B1AAC3 /* TienTe+CoreDataProperties.swift in Sources */ = {isa = PBXBuildFile; fileRef = 2719E9B71E98E36700B1AAC3 /* TienTe+CoreDataProperties.swift */; };
		2719E9C71E98E53B00B1AAC3 /* BanAn+CoreDataClass.swift in Sources */ = {isa = PBXBuildFile; fileRef = 2719E9C31E98E53B00B1AAC3 /* BanAn+CoreDataClass.swift */; };
		2719E9C81E98E53B00B1AAC3 /* BanAn+CoreDataProperties.swift in Sources */ = {isa = PBXBuildFile; fileRef = 2719E9C41E98E53B00B1AAC3 /* BanAn+CoreDataProperties.swift */; };
		2719E9C91E98E53B00B1AAC3 /* KhuVuc+CoreDataClass.swift in Sources */ = {isa = PBXBuildFile; fileRef = 2719E9C51E98E53B00B1AAC3 /* KhuVuc+CoreDataClass.swift */; };
		2719E9CA1E98E53B00B1AAC3 /* KhuVuc+CoreDataProperties.swift in Sources */ = {isa = PBXBuildFile; fileRef = 2719E9C61E98E53B00B1AAC3 /* KhuVuc+CoreDataProperties.swift */; };
		2760674B1E99A634004D5643 /* DB.swift in Sources */ = {isa = PBXBuildFile; fileRef = 2760674A1E99A634004D5643 /* DB.swift */; };
		27799C321E97EA3600206D87 /* AppDelegate.swift in Sources */ = {isa = PBXBuildFile; fileRef = 27799C311E97EA3600206D87 /* AppDelegate.swift */; };
		27799C341E97EA3600206D87 /* ViewController.swift in Sources */ = {isa = PBXBuildFile; fileRef = 27799C331E97EA3600206D87 /* ViewController.swift */; };
		27799C371E97EA3600206D87 /* Main.storyboard in Resources */ = {isa = PBXBuildFile; fileRef = 27799C351E97EA3600206D87 /* Main.storyboard */; };
		27799C3A1E97EA3600206D87 /* QuanLyQuanAn.xcdatamodeld in Sources */ = {isa = PBXBuildFile; fileRef = 27799C381E97EA3600206D87 /* QuanLyQuanAn.xcdatamodeld */; };
		27799C3C1E97EA3600206D87 /* Assets.xcassets in Resources */ = {isa = PBXBuildFile; fileRef = 27799C3B1E97EA3600206D87 /* Assets.xcassets */; };
		27799C3F1E97EA3600206D87 /* LaunchScreen.storyboard in Resources */ = {isa = PBXBuildFile; fileRef = 27799C3D1E97EA3600206D87 /* LaunchScreen.storyboard */; };
		27900B271EA06343002A29A4 /* HoaDon+CoreDataClass.swift in Sources */ = {isa = PBXBuildFile; fileRef = 27900B251EA06343002A29A4 /* HoaDon+CoreDataClass.swift */; };
		27900B281EA06343002A29A4 /* HoaDon+CoreDataProperties.swift in Sources */ = {isa = PBXBuildFile; fileRef = 27900B261EA06343002A29A4 /* HoaDon+CoreDataProperties.swift */; };
/* End PBXBuildFile section */

/* Begin PBXFileReference section */
		2719E9A61E98E2FB00B1AAC3 /* MonAn+CoreDataClass.swift */ = {isa = PBXFileReference; fileEncoding = 4; lastKnownFileType = sourcecode.swift; path = "MonAn+CoreDataClass.swift"; sourceTree = "<group>"; };
		2719E9A71E98E2FB00B1AAC3 /* MonAn+CoreDataProperties.swift */ = {isa = PBXFileReference; fileEncoding = 4; lastKnownFileType = sourcecode.swift; path = "MonAn+CoreDataProperties.swift"; sourceTree = "<group>"; };
		2719E9B21E98E35100B1AAC3 /* HinhAnh+CoreDataClass.swift */ = {isa = PBXFileReference; fileEncoding = 4; lastKnownFileType = sourcecode.swift; path = "HinhAnh+CoreDataClass.swift"; sourceTree = "<group>"; };
		2719E9B31E98E35100B1AAC3 /* HinhAnh+CoreDataProperties.swift */ = {isa = PBXFileReference; fileEncoding = 4; lastKnownFileType = sourcecode.swift; path = "HinhAnh+CoreDataProperties.swift"; sourceTree = "<group>"; };
		2719E9B61E98E36700B1AAC3 /* TienTe+CoreDataClass.swift */ = {isa = PBXFileReference; fileEncoding = 4; lastKnownFileType = sourcecode.swift; path = "TienTe+CoreDataClass.swift"; sourceTree = "<group>"; };
		2719E9B71E98E36700B1AAC3 /* TienTe+CoreDataProperties.swift */ = {isa = PBXFileReference; fileEncoding = 4; lastKnownFileType = sourcecode.swift; path = "TienTe+CoreDataProperties.swift"; sourceTree = "<group>"; };
		2719E9C31E98E53B00B1AAC3 /* BanAn+CoreDataClass.swift */ = {isa = PBXFileReference; fileEncoding = 4; lastKnownFileType = sourcecode.swift; path = "BanAn+CoreDataClass.swift"; sourceTree = "<group>"; };
		2719E9C41E98E53B00B1AAC3 /* BanAn+CoreDataProperties.swift */ = {isa = PBXFileReference; fileEncoding = 4; lastKnownFileType = sourcecode.swift; path = "BanAn+CoreDataProperties.swift"; sourceTree = "<group>"; };
		2719E9C51E98E53B00B1AAC3 /* KhuVuc+CoreDataClass.swift */ = {isa = PBXFileReference; fileEncoding = 4; lastKnownFileType = sourcecode.swift; path = "KhuVuc+CoreDataClass.swift"; sourceTree = "<group>"; };
		2719E9C61E98E53B00B1AAC3 /* KhuVuc+CoreDataProperties.swift */ = {isa = PBXFileReference; fileEncoding = 4; lastKnownFileType = sourcecode.swift; path = "KhuVuc+CoreDataProperties.swift"; sourceTree = "<group>"; };
		2760674A1E99A634004D5643 /* DB.swift */ = {isa = PBXFileReference; fileEncoding = 4; lastKnownFileType = sourcecode.swift; path = DB.swift; sourceTree = "<group>"; };
		27799C2E1E97EA3600206D87 /* QuanLyQuanAn.app */ = {isa = PBXFileReference; explicitFileType = wrapper.application; includeInIndex = 0; path = QuanLyQuanAn.app; sourceTree = BUILT_PRODUCTS_DIR; };
		27799C311E97EA3600206D87 /* AppDelegate.swift */ = {isa = PBXFileReference; lastKnownFileType = sourcecode.swift; path = AppDelegate.swift; sourceTree = "<group>"; };
		27799C331E97EA3600206D87 /* ViewController.swift */ = {isa = PBXFileReference; lastKnownFileType = sourcecode.swift; path = ViewController.swift; sourceTree = "<group>"; };
		27799C361E97EA3600206D87 /* Base */ = {isa = PBXFileReference; lastKnownFileType = file.storyboard; name = Base; path = Base.lproj/Main.storyboard; sourceTree = "<group>"; };
		27799C391E97EA3600206D87 /* QuanLyQuanAn.xcdatamodel */ = {isa = PBXFileReference; lastKnownFileType = wrapper.xcdatamodel; path = QuanLyQuanAn.xcdatamodel; sourceTree = "<group>"; };
		27799C3B1E97EA3600206D87 /* Assets.xcassets */ = {isa = PBXFileReference; lastKnownFileType = folder.assetcatalog; path = Assets.xcassets; sourceTree = "<group>"; };
		27799C3E1E97EA3600206D87 /* Base */ = {isa = PBXFileReference; lastKnownFileType = file.storyboard; name = Base; path = Base.lproj/LaunchScreen.storyboard; sourceTree = "<group>"; };
		27799C401E97EA3600206D87 /* Info.plist */ = {isa = PBXFileReference; lastKnownFileType = text.plist.xml; path = Info.plist; sourceTree = "<group>"; };
		27900B251EA06343002A29A4 /* HoaDon+CoreDataClass.swift */ = {isa = PBXFileReference; fileEncoding = 4; lastKnownFileType = sourcecode.swift; path = "HoaDon+CoreDataClass.swift"; sourceTree = "<group>"; };
		27900B261EA06343002A29A4 /* HoaDon+CoreDataProperties.swift */ = {isa = PBXFileReference; fileEncoding = 4; lastKnownFileType = sourcecode.swift; path = "HoaDon+CoreDataProperties.swift"; sourceTree = "<group>"; };
/* End PBXFileReference section */

/* Begin PBXFrameworksBuildPhase section */
		27799C2B1E97EA3600206D87 /* Frameworks */ = {
			isa = PBXFrameworksBuildPhase;
			buildActionMask = 2147483647;
			files = (
			);
			runOnlyForDeploymentPostprocessing = 0;
		};
/* End PBXFrameworksBuildPhase section */

/* Begin PBXGroup section */
		2719E9BA1E98E38F00B1AAC3 /* Model */ = {
			isa = PBXGroup;
			children = (
				27900B251EA06343002A29A4 /* HoaDon+CoreDataClass.swift */,
				27900B261EA06343002A29A4 /* HoaDon+CoreDataProperties.swift */,
				2719E9B61E98E36700B1AAC3 /* TienTe+CoreDataClass.swift */,
				2719E9B71E98E36700B1AAC3 /* TienTe+CoreDataProperties.swift */,
				2719E9B21E98E35100B1AAC3 /* HinhAnh+CoreDataClass.swift */,
				2719E9B31E98E35100B1AAC3 /* HinhAnh+CoreDataProperties.swift */,
				2719E9A61E98E2FB00B1AAC3 /* MonAn+CoreDataClass.swift */,
				2719E9A71E98E2FB00B1AAC3 /* MonAn+CoreDataProperties.swift */,
				2719E9C31E98E53B00B1AAC3 /* BanAn+CoreDataClass.swift */,
				2719E9C41E98E53B00B1AAC3 /* BanAn+CoreDataProperties.swift */,
				2719E9C51E98E53B00B1AAC3 /* KhuVuc+CoreDataClass.swift */,
				2719E9C61E98E53B00B1AAC3 /* KhuVuc+CoreDataProperties.swift */,
				27799C381E97EA3600206D87 /* QuanLyQuanAn.xcdatamodeld */,
			);
			name = Model;
			sourceTree = "<group>";
		};
		2719E9BB1E98E39A00B1AAC3 /* View */ = {
			isa = PBXGroup;
			children = (
				27799C351E97EA3600206D87 /* Main.storyboard */,
				27799C3D1E97EA3600206D87 /* LaunchScreen.storyboard */,
			);
			name = View;
			sourceTree = "<group>";
		};
		2719E9BC1E98E39E00B1AAC3 /* Controller */ = {
			isa = PBXGroup;
			children = (
				27799C331E97EA3600206D87 /* ViewController.swift */,
			);
			name = Controller;
			sourceTree = "<group>";
		};
		2719E9BD1E98E3A800B1AAC3 /* Helper */ = {
			isa = PBXGroup;
			children = (
				2760674A1E99A634004D5643 /* DB.swift */,
			);
			name = Helper;
			sourceTree = "<group>";
		};
		2719E9BE1E98E3BA00B1AAC3 /* Resources */ = {
			isa = PBXGroup;
			children = (
			);
			name = Resources;
			sourceTree = "<group>";
		};
		27799C251E97EA3600206D87 = {
			isa = PBXGroup;
			children = (
				27799C301E97EA3600206D87 /* QuanLyQuanAn */,
				27799C2F1E97EA3600206D87 /* Products */,
			);
			sourceTree = "<group>";
		};
		27799C2F1E97EA3600206D87 /* Products */ = {
			isa = PBXGroup;
			children = (
				27799C2E1E97EA3600206D87 /* QuanLyQuanAn.app */,
			);
			name = Products;
			sourceTree = "<group>";
		};
		27799C301E97EA3600206D87 /* QuanLyQuanAn */ = {
			isa = PBXGroup;
			children = (
				2719E9BE1E98E3BA00B1AAC3 /* Resources */,
				2719E9BD1E98E3A800B1AAC3 /* Helper */,
				2719E9BC1E98E39E00B1AAC3 /* Controller */,
				2719E9BB1E98E39A00B1AAC3 /* View */,
				2719E9BA1E98E38F00B1AAC3 /* Model */,
				27799C311E97EA3600206D87 /* AppDelegate.swift */,
				27799C3B1E97EA3600206D87 /* Assets.xcassets */,
				27799C401E97EA3600206D87 /* Info.plist */,
			);
			path = QuanLyQuanAn;
			sourceTree = "<group>";
		};
/* End PBXGroup section */

/* Begin PBXNativeTarget section */
		27799C2D1E97EA3600206D87 /* QuanLyQuanAn */ = {
			isa = PBXNativeTarget;
			buildConfigurationList = 27799C431E97EA3600206D87 /* Build configuration list for PBXNativeTarget "QuanLyQuanAn" */;
			buildPhases = (
				27799C2A1E97EA3600206D87 /* Sources */,
				27799C2B1E97EA3600206D87 /* Frameworks */,
				27799C2C1E97EA3600206D87 /* Resources */,
			);
			buildRules = (
			);
			dependencies = (
			);
			name = QuanLyQuanAn;
			productName = QuanLyQuanAn;
			productReference = 27799C2E1E97EA3600206D87 /* QuanLyQuanAn.app */;
			productType = "com.apple.product-type.application";
		};
/* End PBXNativeTarget section */

/* Begin PBXProject section */
		27799C261E97EA3600206D87 /* Project object */ = {
			isa = PBXProject;
			attributes = {
				LastSwiftUpdateCheck = 0820;
				LastUpgradeCheck = 0820;
				ORGANIZATIONNAME = ibanana;
				TargetAttributes = {
					27799C2D1E97EA3600206D87 = {
						CreatedOnToolsVersion = 8.2.1;
						ProvisioningStyle = Automatic;
					};
				};
			};
			buildConfigurationList = 27799C291E97EA3600206D87 /* Build configuration list for PBXProject "QuanLyQuanAn" */;
			compatibilityVersion = "Xcode 3.2";
			developmentRegion = English;
			hasScannedForEncodings = 0;
			knownRegions = (
				en,
				Base,
			);
			mainGroup = 27799C251E97EA3600206D87;
			productRefGroup = 27799C2F1E97EA3600206D87 /* Products */;
			projectDirPath = "";
			projectRoot = "";
			targets = (
				27799C2D1E97EA3600206D87 /* QuanLyQuanAn */,
			);
		};
/* End PBXProject section */

/* Begin PBXResourcesBuildPhase section */
		27799C2C1E97EA3600206D87 /* Resources */ = {
			isa = PBXResourcesBuildPhase;
			buildActionMask = 2147483647;
			files = (
				27799C3F1E97EA3600206D87 /* LaunchScreen.storyboard in Resources */,
				27799C3C1E97EA3600206D87 /* Assets.xcassets in Resources */,
				27799C371E97EA3600206D87 /* Main.storyboard in Resources */,
			);
			runOnlyForDeploymentPostprocessing = 0;
		};
/* End PBXResourcesBuildPhase section */

/* Begin PBXSourcesBuildPhase section */
		27799C2A1E97EA3600206D87 /* Sources */ = {
			isa = PBXSourcesBuildPhase;
			buildActionMask = 2147483647;
			files = (
				2719E9CA1E98E53B00B1AAC3 /* KhuVuc+CoreDataProperties.swift in Sources */,
				2719E9A91E98E2FB00B1AAC3 /* MonAn+CoreDataProperties.swift in Sources */,
				2719E9B41E98E35100B1AAC3 /* HinhAnh+CoreDataClass.swift in Sources */,
				2719E9C81E98E53B00B1AAC3 /* BanAn+CoreDataProperties.swift in Sources */,
				2719E9C91E98E53B00B1AAC3 /* KhuVuc+CoreDataClass.swift in Sources */,
				27799C341E97EA3600206D87 /* ViewController.swift in Sources */,
				2719E9A81E98E2FB00B1AAC3 /* MonAn+CoreDataClass.swift in Sources */,
				27900B271EA06343002A29A4 /* HoaDon+CoreDataClass.swift in Sources */,
				2719E9C71E98E53B00B1AAC3 /* BanAn+CoreDataClass.swift in Sources */,
				2719E9B91E98E36700B1AAC3 /* TienTe+CoreDataProperties.swift in Sources */,
				2719E9B81E98E36700B1AAC3 /* TienTe+CoreDataClass.swift in Sources */,
				27799C3A1E97EA3600206D87 /* QuanLyQuanAn.xcdatamodeld in Sources */,
				27799C321E97EA3600206D87 /* AppDelegate.swift in Sources */,
				2719E9B51E98E35100B1AAC3 /* HinhAnh+CoreDataProperties.swift in Sources */,
				27900B281EA06343002A29A4 /* HoaDon+CoreDataProperties.swift in Sources */,
				2760674B1E99A634004D5643 /* DB.swift in Sources */,
			);
			runOnlyForDeploymentPostprocessing = 0;
		};
/* End PBXSourcesBuildPhase section */

/* Begin PBXVariantGroup section */
		27799C351E97EA3600206D87 /* Main.storyboard */ = {
			isa = PBXVariantGroup;
			children = (
				27799C361E97EA3600206D87 /* Base */,
			);
			name = Main.storyboard;
			sourceTree = "<group>";
		};
		27799C3D1E97EA3600206D87 /* LaunchScreen.storyboard */ = {
			isa = PBXVariantGroup;
			children = (
				27799C3E1E97EA3600206D87 /* Base */,
			);
			name = LaunchScreen.storyboard;
			sourceTree = "<group>";
		};
/* End PBXVariantGroup section */

/* Begin XCBuildConfiguration section */
		27799C411E97EA3600206D87 /* Debug */ = {
			isa = XCBuildConfiguration;
			buildSettings = {
				ALWAYS_SEARCH_USER_PATHS = NO;
				CLANG_ANALYZER_NONNULL = YES;
				CLANG_CXX_LANGUAGE_STANDARD = "gnu++0x";
				CLANG_CXX_LIBRARY = "libc++";
				CLANG_ENABLE_MODULES = YES;
				CLANG_ENABLE_OBJC_ARC = YES;
				CLANG_WARN_BOOL_CONVERSION = YES;
				CLANG_WARN_CONSTANT_CONVERSION = YES;
				CLANG_WARN_DIRECT_OBJC_ISA_USAGE = YES_ERROR;
				CLANG_WARN_DOCUMENTATION_COMMENTS = YES;
				CLANG_WARN_EMPTY_BODY = YES;
				CLANG_WARN_ENUM_CONVERSION = YES;
				CLANG_WARN_INFINITE_RECURSION = YES;
				CLANG_WARN_INT_CONVERSION = YES;
				CLANG_WARN_OBJC_ROOT_CLASS = YES_ERROR;
				CLANG_WARN_SUSPICIOUS_MOVE = YES;
				CLANG_WARN_UNREACHABLE_CODE = YES;
				CLANG_WARN__DUPLICATE_METHOD_MATCH = YES;
				"CODE_SIGN_IDENTITY[sdk=iphoneos*]" = "iPhone Developer";
				COPY_PHASE_STRIP = NO;
				DEBUG_INFORMATION_FORMAT = dwarf;
				ENABLE_STRICT_OBJC_MSGSEND = YES;
				ENABLE_TESTABILITY = YES;
				GCC_C_LANGUAGE_STANDARD = gnu99;
				GCC_DYNAMIC_NO_PIC = NO;
				GCC_NO_COMMON_BLOCKS = YES;
				GCC_OPTIMIZATION_LEVEL = 0;
				GCC_PREPROCESSOR_DEFINITIONS = (
					"DEBUG=1",
					"$(inherited)",
				);
				GCC_WARN_64_TO_32_BIT_CONVERSION = YES;
				GCC_WARN_ABOUT_RETURN_TYPE = YES_ERROR;
				GCC_WARN_UNDECLARED_SELECTOR = YES;
				GCC_WARN_UNINITIALIZED_AUTOS = YES_AGGRESSIVE;
				GCC_WARN_UNUSED_FUNCTION = YES;
				GCC_WARN_UNUSED_VARIABLE = YES;
				IPHONEOS_DEPLOYMENT_TARGET = 10.2;
				MTL_ENABLE_DEBUG_INFO = YES;
				ONLY_ACTIVE_ARCH = YES;
				SDKROOT = iphoneos;
				SWIFT_ACTIVE_COMPILATION_CONDITIONS = DEBUG;
				SWIFT_OPTIMIZATION_LEVEL = "-Onone";
				TARGETED_DEVICE_FAMILY = "1,2";
			};
			name = Debug;
		};
		27799C421E97EA3600206D87 /* Release */ = {
			isa = XCBuildConfiguration;
			buildSettings = {
				ALWAYS_SEARCH_USER_PATHS = NO;
				CLANG_ANALYZER_NONNULL = YES;
				CLANG_CXX_LANGUAGE_STANDARD = "gnu++0x";
				CLANG_CXX_LIBRARY = "libc++";
				CLANG_ENABLE_MODULES = YES;
				CLANG_ENABLE_OBJC_ARC = YES;
				CLANG_WARN_BOOL_CONVERSION = YES;
				CLANG_WARN_CONSTANT_CONVERSION = YES;
				CLANG_WARN_DIRECT_OBJC_ISA_USAGE = YES_ERROR;
				CLANG_WARN_DOCUMENTATION_COMMENTS = YES;
				CLANG_WARN_EMPTY_BODY = YES;
				CLANG_WARN_ENUM_CONVERSION = YES;
				CLANG_WARN_INFINITE_RECURSION = YES;
				CLANG_WARN_INT_CONVERSION = YES;
				CLANG_WARN_OBJC_ROOT_CLASS = YES_ERROR;
				CLANG_WARN_SUSPICIOUS_MOVE = YES;
				CLANG_WARN_UNREACHABLE_CODE = YES;
				CLANG_WARN__DUPLICATE_METHOD_MATCH = YES;
				"CODE_SIGN_IDENTITY[sdk=iphoneos*]" = "iPhone Developer";
				COPY_PHASE_STRIP = NO;
				DEBUG_INFORMATION_FORMAT = "dwarf-with-dsym";
				ENABLE_NS_ASSERTIONS = NO;
				ENABLE_STRICT_OBJC_MSGSEND = YES;
				GCC_C_LANGUAGE_STANDARD = gnu99;
				GCC_NO_COMMON_BLOCKS = YES;
				GCC_WARN_64_TO_32_BIT_CONVERSION = YES;
				GCC_WARN_ABOUT_RETURN_TYPE = YES_ERROR;
				GCC_WARN_UNDECLARED_SELECTOR = YES;
				GCC_WARN_UNINITIALIZED_AUTOS = YES_AGGRESSIVE;
				GCC_WARN_UNUSED_FUNCTION = YES;
				GCC_WARN_UNUSED_VARIABLE = YES;
				IPHONEOS_DEPLOYMENT_TARGET = 10.2;
				MTL_ENABLE_DEBUG_INFO = NO;
				SDKROOT = iphoneos;
				SWIFT_OPTIMIZATION_LEVEL = "-Owholemodule";
				TARGETED_DEVICE_FAMILY = "1,2";
				VALIDATE_PRODUCT = YES;
			};
			name = Release;
		};
		27799C441E97EA3600206D87 /* Debug */ = {
			isa = XCBuildConfiguration;
			buildSettings = {
				ASSETCATALOG_COMPILER_APPICON_NAME = AppIcon;
				INFOPLIST_FILE = QuanLyQuanAn/Info.plist;
				LD_RUNPATH_SEARCH_PATHS = "$(inherited) @executable_path/Frameworks";
				PRODUCT_BUNDLE_IDENTIFIER = net.QuanLyQuanAn;
				PRODUCT_NAME = "$(TARGET_NAME)";
				SWIFT_VERSION = 3.0;
			};
			name = Debug;
		};
		27799C451E97EA3600206D87 /* Release */ = {
			isa = XCBuildConfiguration;
			buildSettings = {
				ASSETCATALOG_COMPILER_APPICON_NAME = AppIcon;
				INFOPLIST_FILE = QuanLyQuanAn/Info.plist;
				LD_RUNPATH_SEARCH_PATHS = "$(inherited) @executable_path/Frameworks";
				PRODUCT_BUNDLE_IDENTIFIER = net.QuanLyQuanAn;
				PRODUCT_NAME = "$(TARGET_NAME)";
				SWIFT_VERSION = 3.0;
			};
			name = Release;
		};
/* End XCBuildConfiguration section */

/* Begin XCConfigurationList section */
		27799C291E97EA3600206D87 /* Build configuration list for PBXProject "QuanLyQuanAn" */ = {
			isa = XCConfigurationList;
			buildConfigurations = (
				27799C411E97EA3600206D87 /* Debug */,
				27799C421E97EA3600206D87 /* Release */,
			);
			defaultConfigurationIsVisible = 0;
			defaultConfigurationName = Release;
		};
		27799C431E97EA3600206D87 /* Build configuration list for PBXNativeTarget "QuanLyQuanAn" */ = {
			isa = XCConfigurationList;
			buildConfigurations = (
				27799C441E97EA3600206D87 /* Debug */,
				27799C451E97EA3600206D87 /* Release */,
			);
			defaultConfigurationIsVisible = 0;
			defaultConfigurationName = Release;
		};
/* End XCConfigurationList section */

/* Begin XCVersionGroup section */
		27799C381E97EA3600206D87 /* QuanLyQuanAn.xcdatamodeld */ = {
			isa = XCVersionGroup;
			children = (
				27799C391E97EA3600206D87 /* QuanLyQuanAn.xcdatamodel */,
			);
			currentVersion = 27799C391E97EA3600206D87 /* QuanLyQuanAn.xcdatamodel */;
			path = QuanLyQuanAn.xcdatamodeld;
			sourceTree = "<group>";
			versionGroupType = wrapper.xcdatamodel;
		};
/* End XCVersionGroup section */
	};
	rootObject = 27799C261E97EA3600206D87 /* Project object */;
}
